
Microsoft Visual Studio Solution File, Format Version 12.00
Project("{FAE04EC0-301F-11D3-BF4B-00C04F79EFBC}") = "APBD_Cw2_s33189", "APBD_Cw2_s33189\APBD_Cw2_s33189.csproj", "{CCC4E7B2-1CB2-4395-914F-C232DC657803}"
EndProject
Global
	GlobalSection(SolutionConfigurationPlatforms) = preSolution
		Debug|Any CPU = Debug|Any CPU
		Release|Any CPU = Release|Any CPU
	EndGlobalSection
	GlobalSection(ProjectConfigurationPlatforms) = postSolution
		{CCC4E7B2-1CB2-4395-914F-C232DC657803}.Debug|Any CPU.ActiveCfg = Debug|Any CPU
		{CCC4E7B2-1CB2-4395-914F-C232DC657803}.Debug|Any CPU.Build.0 = Debug|Any CPU
		{CCC4E7B2-1CB2-4395-914F-C232DC657803}.Release|Any CPU.ActiveCfg = Release|Any CPU
		{CCC4E7B2-1CB2-4395-914F-C232DC657803}.Release|Any CPU.Build.0 = Release|Any CPU
	EndGlobalSection
EndGlobal
